
Microsoft Visual Studio Solution File, Format Version 12.00
# Visual Studio Version 16
VisualStudioVersion = 16.0.31205.134
MinimumVisualStudioVersion = 10.0.40219.1
Project("{9A19103F-16F7-4668-BE54-9A1E7A4F7556}") = "Calculator-else", "HomeWork3\Calculator-else.csproj", "{657081D0-C6C7-4199-AE4E-14CC879909AE}"
EndProject
Project("{FAE04EC0-301F-11D3-BF4B-00C04F79EFBC}") = "Calculator-Switch", "Calculator-Switch\Calculator-Switch.csproj", "{CF92E47F-EEDD-4185-B55E-59990F6ADD73}"
EndProject
Global
	GlobalSection(SolutionConfigurationPlatforms) = preSolution
		Debug|Any CPU = Debug|Any CPU
		Release|Any CPU = Release|Any CPU
	EndGlobalSection
	GlobalSection(ProjectConfigurationPlatforms) = postSolution
		{657081D0-C6C7-4199-AE4E-14CC879909AE}.Debug|Any CPU.ActiveCfg = Debug|Any CPU
		{657081D0-C6C7-4199-AE4E-14CC879909AE}.Debug|Any CPU.Build.0 = Debug|Any CPU
		{657081D0-C6C7-4199-AE4E-14CC879909AE}.Release|Any CPU.ActiveCfg = Release|Any CPU
		{657081D0-C6C7-4199-AE4E-14CC879909AE}.Release|Any CPU.Build.0 = Release|Any CPU
		{CF92E47F-EEDD-4185-B55E-59990F6ADD73}.Debug|Any CPU.ActiveCfg = Debug|Any CPU
		{CF92E47F-EEDD-4185-B55E-59990F6ADD73}.Debug|Any CPU.Build.0 = Debug|Any CPU
		{CF92E47F-EEDD-4185-B55E-59990F6ADD73}.Release|Any CPU.ActiveCfg = Release|Any CPU
		{CF92E47F-EEDD-4185-B55E-59990F6ADD73}.Release|Any CPU.Build.0 = Release|Any CPU
	EndGlobalSection
	GlobalSection(SolutionProperties) = preSolution
		HideSolutionNode = FALSE
	EndGlobalSection
	GlobalSection(ExtensibilityGlobals) = postSolution
		SolutionGuid = {8CF765F9-48A5-4290-B759-DFAA0E154E0C}
	EndGlobalSection
EndGlobal
